
Microsoft Visual Studio Solution File, Format Version 12.00
# Visual Studio Version 17
VisualStudioVersion = 17.11.35222.181
MinimumVisualStudioVersion = 10.0.40219.1
Project("{FAE04EC0-301F-11D3-BF4B-00C04F79EFBC}") = "SicilyLinesApp", "SicilyLinesApp\SicilyLinesApp.csproj", "{C293D238-828C-4B96-8298-6C9502C4A3C0}"
EndProject
Project("{FAE04EC0-301F-11D3-BF4B-00C04F79EFBC}") = "API SicilyLines", "API SicilyLines\API SicilyLines.csproj", "{4E04469C-259F-457F-A5EA-256BF83457AA}"
EndProject
Global
	GlobalSection(SolutionConfigurationPlatforms) = preSolution
		Debug|Any CPU = Debug|Any CPU
		Release|Any CPU = Release|Any CPU
	EndGlobalSection
	GlobalSection(ProjectConfigurationPlatforms) = postSolution
		{C293D238-828C-4B96-8298-6C9502C4A3C0}.Debug|Any CPU.ActiveCfg = Debug|Any CPU
		{C293D238-828C-4B96-8298-6C9502C4A3C0}.Debug|Any CPU.Build.0 = Debug|Any CPU
		{C293D238-828C-4B96-8298-6C9502C4A3C0}.Debug|Any CPU.Deploy.0 = Debug|Any CPU
		{C293D238-828C-4B96-8298-6C9502C4A3C0}.Release|Any CPU.ActiveCfg = Release|Any CPU
		{C293D238-828C-4B96-8298-6C9502C4A3C0}.Release|Any CPU.Build.0 = Release|Any CPU
		{C293D238-828C-4B96-8298-6C9502C4A3C0}.Release|Any CPU.Deploy.0 = Release|Any CPU
		{4E04469C-259F-457F-A5EA-256BF83457AA}.Debug|Any CPU.ActiveCfg = Debug|Any CPU
		{4E04469C-259F-457F-A5EA-256BF83457AA}.Debug|Any CPU.Build.0 = Debug|Any CPU
		{4E04469C-259F-457F-A5EA-256BF83457AA}.Release|Any CPU.ActiveCfg = Release|Any CPU
		{4E04469C-259F-457F-A5EA-256BF83457AA}.Release|Any CPU.Build.0 = Release|Any CPU
	EndGlobalSection
	GlobalSection(SolutionProperties) = preSolution
		HideSolutionNode = FALSE
	EndGlobalSection
	GlobalSection(ExtensibilityGlobals) = postSolution
		SolutionGuid = {05F37680-7148-4644-B5C1-7D0A09D2C8FA}
	EndGlobalSection
EndGlobal
